// !$*UTF8*$!
{
	archiveVersion = 1;
	classes = {
	};
	objectVersion = 51;
	objects = {

/* Begin PBXBuildFile section */
		388750D0289B6D5300A45A00 /* HomeViewController.swift in Sources */ = {isa = PBXBuildFile; fileRef = 388750CE289B6D5300A45A00 /* HomeViewController.swift */; };
		388750D1289B6D5300A45A00 /* HomeViewController.xib in Resources */ = {isa = PBXBuildFile; fileRef = 388750CF289B6D5300A45A00 /* HomeViewController.xib */; };
		388D0E4828A5062400817C7D /* DelegateProxyDemoViewController.swift in Sources */ = {isa = PBXBuildFile; fileRef = 388D0E4628A5062400817C7D /* DelegateProxyDemoViewController.swift */; };
		388D0E4928A5062400817C7D /* DelegateProxyDemoViewController.xib in Resources */ = {isa = PBXBuildFile; fileRef = 388D0E4728A5062400817C7D /* DelegateProxyDemoViewController.xib */; };
		38A474E628AA07FB004E9E5D /* DelegateForwardViewController.swift in Sources */ = {isa = PBXBuildFile; fileRef = 38A474E428AA07FB004E9E5D /* DelegateForwardViewController.swift */; };
		38A474E728AA07FB004E9E5D /* DelegateForwardViewController.xib in Resources */ = {isa = PBXBuildFile; fileRef = 38A474E528AA07FB004E9E5D /* DelegateForwardViewController.xib */; };
		38DB0885289B820D00004B31 /* HomeViewModel.swift in Sources */ = {isa = PBXBuildFile; fileRef = 38DB0884289B820C00004B31 /* HomeViewModel.swift */; };
		38DB0889289CB9AF00004B31 /* DetailViewController.swift in Sources */ = {isa = PBXBuildFile; fileRef = 38DB0887289CB9AF00004B31 /* DetailViewController.swift */; };
		38DB088A289CB9AF00004B31 /* DetailViewController.xib in Resources */ = {isa = PBXBuildFile; fileRef = 38DB0888289CB9AF00004B31 /* DetailViewController.xib */; };
		38DB088E289CF32A00004B31 /* MusicListViewController.swift in Sources */ = {isa = PBXBuildFile; fileRef = 38DB088C289CF32A00004B31 /* MusicListViewController.swift */; };
		38DB088F289CF32A00004B31 /* MusicListViewController.xib in Resources */ = {isa = PBXBuildFile; fileRef = 38DB088D289CF32A00004B31 /* MusicListViewController.xib */; };
		38DB0891289CF33B00004B31 /* MusicListViewModel.swift in Sources */ = {isa = PBXBuildFile; fileRef = 38DB0890289CF33B00004B31 /* MusicListViewModel.swift */; };
		38DB0895289CF42300004B31 /* MusicCell.swift in Sources */ = {isa = PBXBuildFile; fileRef = 38DB0893289CF42300004B31 /* MusicCell.swift */; };
		38DB0896289CF42300004B31 /* MusicCell.xib in Resources */ = {isa = PBXBuildFile; fileRef = 38DB0894289CF42300004B31 /* MusicCell.xib */; };
		38DB0899289CF68B00004B31 /* Music.swift in Sources */ = {isa = PBXBuildFile; fileRef = 38DB0898289CF68B00004B31 /* Music.swift */; };
		38F38A7228A0B0F300C03579 /* ApiManager.swift in Sources */ = {isa = PBXBuildFile; fileRef = 38F38A7128A0B0F300C03579 /* ApiManager.swift */; };
		38F38A7528A0BD0600C03579 /* ProtocolExt.swift in Sources */ = {isa = PBXBuildFile; fileRef = 38F38A7428A0BD0600C03579 /* ProtocolExt.swift */; };
		38F38A7728A0ECA800C03579 /* UIImageExt.swift in Sources */ = {isa = PBXBuildFile; fileRef = 38F38A7628A0ECA800C03579 /* UIImageExt.swift */; };
		D138509E24D5049500C5C263 /* AppDelegate.swift in Sources */ = {isa = PBXBuildFile; fileRef = D138509D24D5049500C5C263 /* AppDelegate.swift */; };
		D13850A024D5049500C5C263 /* SceneDelegate.swift in Sources */ = {isa = PBXBuildFile; fileRef = D138509F24D5049500C5C263 /* SceneDelegate.swift */; };
		D13850A724D5049700C5C263 /* Assets.xcassets in Resources */ = {isa = PBXBuildFile; fileRef = D13850A624D5049700C5C263 /* Assets.xcassets */; };
		D13850AA24D5049700C5C263 /* LaunchScreen.storyboard in Resources */ = {isa = PBXBuildFile; fileRef = D13850A824D5049700C5C263 /* LaunchScreen.storyboard */; };
		D9F8FF9472361E878837C5B0 /* Pods_RxSwiftTutorial.framework in Frameworks */ = {isa = PBXBuildFile; fileRef = C46ADF859F11F483164109E2 /* Pods_RxSwiftTutorial.framework */; };
/* End PBXBuildFile section */

/* Begin PBXFileReference section */
		388750CE289B6D5300A45A00 /* HomeViewController.swift */ = {isa = PBXFileReference; lastKnownFileType = sourcecode.swift; path = HomeViewController.swift; sourceTree = "<group>"; };
		388750CF289B6D5300A45A00 /* HomeViewController.xib */ = {isa = PBXFileReference; lastKnownFileType = file.xib; path = HomeViewController.xib; sourceTree = "<group>"; };
		388D0E4628A5062400817C7D /* DelegateProxyDemoViewController.swift */ = {isa = PBXFileReference; lastKnownFileType = sourcecode.swift; path = DelegateProxyDemoViewController.swift; sourceTree = "<group>"; };
		388D0E4728A5062400817C7D /* DelegateProxyDemoViewController.xib */ = {isa = PBXFileReference; lastKnownFileType = file.xib; path = DelegateProxyDemoViewController.xib; sourceTree = "<group>"; };
		38A474E428AA07FB004E9E5D /* DelegateForwardViewController.swift */ = {isa = PBXFileReference; lastKnownFileType = sourcecode.swift; path = DelegateForwardViewController.swift; sourceTree = "<group>"; };
		38A474E528AA07FB004E9E5D /* DelegateForwardViewController.xib */ = {isa = PBXFileReference; lastKnownFileType = file.xib; path = DelegateForwardViewController.xib; sourceTree = "<group>"; };
		38DB0884289B820C00004B31 /* HomeViewModel.swift */ = {isa = PBXFileReference; lastKnownFileType = sourcecode.swift; path = HomeViewModel.swift; sourceTree = "<group>"; };
		38DB0887289CB9AF00004B31 /* DetailViewController.swift */ = {isa = PBXFileReference; lastKnownFileType = sourcecode.swift; path = DetailViewController.swift; sourceTree = "<group>"; };
		38DB0888289CB9AF00004B31 /* DetailViewController.xib */ = {isa = PBXFileReference; lastKnownFileType = file.xib; path = DetailViewController.xib; sourceTree = "<group>"; };
		38DB088C289CF32A00004B31 /* MusicListViewController.swift */ = {isa = PBXFileReference; lastKnownFileType = sourcecode.swift; path = MusicListViewController.swift; sourceTree = "<group>"; };
		38DB088D289CF32A00004B31 /* MusicListViewController.xib */ = {isa = PBXFileReference; lastKnownFileType = file.xib; path = MusicListViewController.xib; sourceTree = "<group>"; };
		38DB0890289CF33B00004B31 /* MusicListViewModel.swift */ = {isa = PBXFileReference; lastKnownFileType = sourcecode.swift; path = MusicListViewModel.swift; sourceTree = "<group>"; };
		38DB0893289CF42300004B31 /* MusicCell.swift */ = {isa = PBXFileReference; lastKnownFileType = sourcecode.swift; path = MusicCell.swift; sourceTree = "<group>"; };
		38DB0894289CF42300004B31 /* MusicCell.xib */ = {isa = PBXFileReference; lastKnownFileType = file.xib; path = MusicCell.xib; sourceTree = "<group>"; };
		38DB0898289CF68B00004B31 /* Music.swift */ = {isa = PBXFileReference; lastKnownFileType = sourcecode.swift; path = Music.swift; sourceTree = "<group>"; };
		38F38A7128A0B0F300C03579 /* ApiManager.swift */ = {isa = PBXFileReference; lastKnownFileType = sourcecode.swift; path = ApiManager.swift; sourceTree = "<group>"; };
		38F38A7428A0BD0600C03579 /* ProtocolExt.swift */ = {isa = PBXFileReference; lastKnownFileType = sourcecode.swift; path = ProtocolExt.swift; sourceTree = "<group>"; };
		38F38A7628A0ECA800C03579 /* UIImageExt.swift */ = {isa = PBXFileReference; lastKnownFileType = sourcecode.swift; path = UIImageExt.swift; sourceTree = "<group>"; };
		38F97F9D289B6B88007DA910 /* RxSwiftBasic.playground */ = {isa = PBXFileReference; lastKnownFileType = file.playground; path = RxSwiftBasic.playground; sourceTree = SOURCE_ROOT; xcLanguageSpecificationIdentifier = xcode.lang.swift; };
		793F8918CF7C647B014B781F /* Pods-RxSwiftTutorial.release.xcconfig */ = {isa = PBXFileReference; includeInIndex = 1; lastKnownFileType = text.xcconfig; name = "Pods-RxSwiftTutorial.release.xcconfig"; path = "Target Support Files/Pods-RxSwiftTutorial/Pods-RxSwiftTutorial.release.xcconfig"; sourceTree = "<group>"; };
		942B731C3E16949589CB64B1 /* Pods-RxSwiftTutorial.debug.xcconfig */ = {isa = PBXFileReference; includeInIndex = 1; lastKnownFileType = text.xcconfig; name = "Pods-RxSwiftTutorial.debug.xcconfig"; path = "Target Support Files/Pods-RxSwiftTutorial/Pods-RxSwiftTutorial.debug.xcconfig"; sourceTree = "<group>"; };
		C46ADF859F11F483164109E2 /* Pods_RxSwiftTutorial.framework */ = {isa = PBXFileReference; explicitFileType = wrapper.framework; includeInIndex = 0; path = Pods_RxSwiftTutorial.framework; sourceTree = BUILT_PRODUCTS_DIR; };
		D138509A24D5049500C5C263 /* RxSwiftTutorial.app */ = {isa = PBXFileReference; explicitFileType = wrapper.application; includeInIndex = 0; path = RxSwiftTutorial.app; sourceTree = BUILT_PRODUCTS_DIR; };
		D138509D24D5049500C5C263 /* AppDelegate.swift */ = {isa = PBXFileReference; lastKnownFileType = sourcecode.swift; path = AppDelegate.swift; sourceTree = "<group>"; };
		D138509F24D5049500C5C263 /* SceneDelegate.swift */ = {isa = PBXFileReference; lastKnownFileType = sourcecode.swift; path = SceneDelegate.swift; sourceTree = "<group>"; };
		D13850A624D5049700C5C263 /* Assets.xcassets */ = {isa = PBXFileReference; lastKnownFileType = folder.assetcatalog; path = Assets.xcassets; sourceTree = "<group>"; };
		D13850A924D5049700C5C263 /* Base */ = {isa = PBXFileReference; lastKnownFileType = file.storyboard; name = Base; path = Base.lproj/LaunchScreen.storyboard; sourceTree = "<group>"; };
		D13850AB24D5049700C5C263 /* Info.plist */ = {isa = PBXFileReference; lastKnownFileType = text.plist.xml; path = Info.plist; sourceTree = "<group>"; };
/* End PBXFileReference section */

/* Begin PBXFrameworksBuildPhase section */
		D138509724D5049500C5C263 /* Frameworks */ = {
			isa = PBXFrameworksBuildPhase;
			buildActionMask = 2147483647;
			files = (
				D9F8FF9472361E878837C5B0 /* Pods_RxSwiftTutorial.framework in Frameworks */,
			);
			runOnlyForDeploymentPostprocessing = 0;
		};
/* End PBXFrameworksBuildPhase section */

/* Begin PBXGroup section */
		388750CD289B6D4100A45A00 /* Home */ = {
			isa = PBXGroup;
			children = (
				388750CE289B6D5300A45A00 /* HomeViewController.swift */,
				388750CF289B6D5300A45A00 /* HomeViewController.xib */,
				38DB0884289B820C00004B31 /* HomeViewModel.swift */,
			);
			path = Home;
			sourceTree = "<group>";
		};
		388D0E4528A505FF00817C7D /* Delegate Proxy */ = {
			isa = PBXGroup;
			children = (
				388D0E4628A5062400817C7D /* DelegateProxyDemoViewController.swift */,
				388D0E4728A5062400817C7D /* DelegateProxyDemoViewController.xib */,
			);
			path = "Delegate Proxy";
			sourceTree = "<group>";
		};
		38A474E328AA07E0004E9E5D /* Delegate Forward */ = {
			isa = PBXGroup;
			children = (
				38A474E428AA07FB004E9E5D /* DelegateForwardViewController.swift */,
				38A474E528AA07FB004E9E5D /* DelegateForwardViewController.xib */,
			);
			path = "Delegate Forward";
			sourceTree = "<group>";
		};
		38DB0886289CB99800004B31 /* Detail */ = {
			isa = PBXGroup;
			children = (
				38DB0887289CB9AF00004B31 /* DetailViewController.swift */,
				38DB0888289CB9AF00004B31 /* DetailViewController.xib */,
			);
			path = Detail;
			sourceTree = "<group>";
		};
		38DB088B289CF31200004B31 /* Musics */ = {
			isa = PBXGroup;
			children = (
				38DB0892289CF40600004B31 /* Cells */,
				38DB088C289CF32A00004B31 /* MusicListViewController.swift */,
				38DB088D289CF32A00004B31 /* MusicListViewController.xib */,
				38DB0890289CF33B00004B31 /* MusicListViewModel.swift */,
			);
			path = Musics;
			sourceTree = "<group>";
		};
		38DB0892289CF40600004B31 /* Cells */ = {
			isa = PBXGroup;
			children = (
				38DB0893289CF42300004B31 /* MusicCell.swift */,
				38DB0894289CF42300004B31 /* MusicCell.xib */,
			);
			path = Cells;
			sourceTree = "<group>";
		};
		38DB0897289CF67E00004B31 /* Models */ = {
			isa = PBXGroup;
			children = (
				38F38A7028A0B0DF00C03579 /* Core */,
				38DB0898289CF68B00004B31 /* Music.swift */,
			);
			path = Models;
			sourceTree = "<group>";
		};
		38F38A7028A0B0DF00C03579 /* Core */ = {
			isa = PBXGroup;
			children = (
				38F38A7128A0B0F300C03579 /* ApiManager.swift */,
			);
			path = Core;
			sourceTree = "<group>";
		};
		38F38A7328A0BC9C00C03579 /* Ext */ = {
			isa = PBXGroup;
			children = (
				38F38A7428A0BD0600C03579 /* ProtocolExt.swift */,
				38F38A7628A0ECA800C03579 /* UIImageExt.swift */,
			);
			path = Ext;
			sourceTree = "<group>";
		};
		78C9C38BF4F4236A776468C1 /* Frameworks */ = {
			isa = PBXGroup;
			children = (
				C46ADF859F11F483164109E2 /* Pods_RxSwiftTutorial.framework */,
			);
			name = Frameworks;
			sourceTree = "<group>";
		};
		C1CB38752105B2B36BE1312D /* Pods */ = {
			isa = PBXGroup;
			children = (
				942B731C3E16949589CB64B1 /* Pods-RxSwiftTutorial.debug.xcconfig */,
				793F8918CF7C647B014B781F /* Pods-RxSwiftTutorial.release.xcconfig */,
			);
			path = Pods;
			sourceTree = "<group>";
		};
		D138509124D5049500C5C263 = {
			isa = PBXGroup;
			children = (
				D138509C24D5049500C5C263 /* RxSwiftTutorial */,
				D138509B24D5049500C5C263 /* Products */,
				C1CB38752105B2B36BE1312D /* Pods */,
				78C9C38BF4F4236A776468C1 /* Frameworks */,
			);
			sourceTree = "<group>";
		};
		D138509B24D5049500C5C263 /* Products */ = {
			isa = PBXGroup;
			children = (
				D138509A24D5049500C5C263 /* RxSwiftTutorial.app */,
			);
			name = Products;
			sourceTree = "<group>";
		};
		D138509C24D5049500C5C263 /* RxSwiftTutorial */ = {
			isa = PBXGroup;
			children = (
				38F38A7328A0BC9C00C03579 /* Ext */,
				38DB0897289CF67E00004B31 /* Models */,
				38F97F9D289B6B88007DA910 /* RxSwiftBasic.playground */,
				D13850B124D5053400C5C263 /* AppDelegate */,
				D13850B224D5054600C5C263 /* View */,
				D13850A624D5049700C5C263 /* Assets.xcassets */,
				D13850A824D5049700C5C263 /* LaunchScreen.storyboard */,
				D13850AB24D5049700C5C263 /* Info.plist */,
			);
			path = RxSwiftTutorial;
			sourceTree = "<group>";
		};
		D13850B124D5053400C5C263 /* AppDelegate */ = {
			isa = PBXGroup;
			children = (
				D138509D24D5049500C5C263 /* AppDelegate.swift */,
				D138509F24D5049500C5C263 /* SceneDelegate.swift */,
			);
			path = AppDelegate;
			sourceTree = "<group>";
		};
		D13850B224D5054600C5C263 /* View */ = {
			isa = PBXGroup;
			children = (
				38A474E328AA07E0004E9E5D /* Delegate Forward */,
				388D0E4528A505FF00817C7D /* Delegate Proxy */,
				38DB088B289CF31200004B31 /* Musics */,
				38DB0886289CB99800004B31 /* Detail */,
				388750CD289B6D4100A45A00 /* Home */,
			);
			path = View;
			sourceTree = "<group>";
		};
/* End PBXGroup section */

/* Begin PBXNativeTarget section */
		D138509924D5049500C5C263 /* RxSwiftTutorial */ = {
			isa = PBXNativeTarget;
			buildConfigurationList = D13850AE24D5049700C5C263 /* Build configuration list for PBXNativeTarget "RxSwiftTutorial" */;
			buildPhases = (
				DE51777CB2CE32DF04ED2191 /* [CP] Check Pods Manifest.lock */,
				D138509624D5049500C5C263 /* Sources */,
				D138509724D5049500C5C263 /* Frameworks */,
				D138509824D5049500C5C263 /* Resources */,
				B8CCBA1E3FECDC53CE034562 /* [CP] Embed Pods Frameworks */,
			);
			buildRules = (
			);
			dependencies = (
			);
			name = RxSwiftTutorial;
			productName = RxSwiftTutorial;
			productReference = D138509A24D5049500C5C263 /* RxSwiftTutorial.app */;
			productType = "com.apple.product-type.application";
		};
/* End PBXNativeTarget section */

/* Begin PBXProject section */
		D138509224D5049500C5C263 /* Project object */ = {
			isa = PBXProject;
			attributes = {
				LastSwiftUpdateCheck = 1130;
				LastUpgradeCheck = 1130;
				ORGANIZATIONNAME = MBA0217;
				TargetAttributes = {
					D138509924D5049500C5C263 = {
						CreatedOnToolsVersion = 11.3.1;
					};
				};
			};
			buildConfigurationList = D138509524D5049500C5C263 /* Build configuration list for PBXProject "RxSwiftTutorial" */;
			compatibilityVersion = "Xcode 9.3";
			developmentRegion = en;
			hasScannedForEncodings = 0;
			knownRegions = (
				en,
				Base,
			);
			mainGroup = D138509124D5049500C5C263;
			productRefGroup = D138509B24D5049500C5C263 /* Products */;
			projectDirPath = "";
			projectRoot = "";
			targets = (
				D138509924D5049500C5C263 /* RxSwiftTutorial */,
			);
		};
/* End PBXProject section */

/* Begin PBXResourcesBuildPhase section */
		D138509824D5049500C5C263 /* Resources */ = {
			isa = PBXResourcesBuildPhase;
			buildActionMask = 2147483647;
			files = (
				D13850AA24D5049700C5C263 /* LaunchScreen.storyboard in Resources */,
				D13850A724D5049700C5C263 /* Assets.xcassets in Resources */,
				38DB088F289CF32A00004B31 /* MusicListViewController.xib in Resources */,
				38A474E728AA07FB004E9E5D /* DelegateForwardViewController.xib in Resources */,
				388750D1289B6D5300A45A00 /* HomeViewController.xib in Resources */,
				38DB088A289CB9AF00004B31 /* DetailViewController.xib in Resources */,
				388D0E4928A5062400817C7D /* DelegateProxyDemoViewController.xib in Resources */,
				38DB0896289CF42300004B31 /* MusicCell.xib in Resources */,
			);
			runOnlyForDeploymentPostprocessing = 0;
		};
/* End PBXResourcesBuildPhase section */

/* Begin PBXShellScriptBuildPhase section */
		B8CCBA1E3FECDC53CE034562 /* [CP] Embed Pods Frameworks */ = {
			isa = PBXShellScriptBuildPhase;
			buildActionMask = 2147483647;
			files = (
			);
			inputFileListPaths = (
				"${PODS_ROOT}/Target Support Files/Pods-RxSwiftTutorial/Pods-RxSwiftTutorial-frameworks-${CONFIGURATION}-input-files.xcfilelist",
			);
			name = "[CP] Embed Pods Frameworks";
			outputFileListPaths = (
				"${PODS_ROOT}/Target Support Files/Pods-RxSwiftTutorial/Pods-RxSwiftTutorial-frameworks-${CONFIGURATION}-output-files.xcfilelist",
			);
			runOnlyForDeploymentPostprocessing = 0;
			shellPath = /bin/sh;
			shellScript = "\"${PODS_ROOT}/Target Support Files/Pods-RxSwiftTutorial/Pods-RxSwiftTutorial-frameworks.sh\"\n";
			showEnvVarsInLog = 0;
		};
		DE51777CB2CE32DF04ED2191 /* [CP] Check Pods Manifest.lock */ = {
			isa = PBXShellScriptBuildPhase;
			buildActionMask = 2147483647;
			files = (
			);
			inputFileListPaths = (
			);
			inputPaths = (
				"${PODS_PODFILE_DIR_PATH}/Podfile.lock",
				"${PODS_ROOT}/Manifest.lock",
			);
			name = "[CP] Check Pods Manifest.lock";
			outputFileListPaths = (
			);
			outputPaths = (
				"$(DERIVED_FILE_DIR)/Pods-RxSwiftTutorial-checkManifestLockResult.txt",
			);
			runOnlyForDeploymentPostprocessing = 0;
			shellPath = /bin/sh;
			shellScript = "diff \"${PODS_PODFILE_DIR_PATH}/Podfile.lock\" \"${PODS_ROOT}/Manifest.lock\" > /dev/null\nif [ $? != 0 ] ; then\n    # print error to STDERR\n    echo \"error: The sandbox is not in sync with the Podfile.lock. Run 'pod install' or update your CocoaPods installation.\" >&2\n    exit 1\nfi\n# This output is used by Xcode 'outputs' to avoid re-running this script phase.\necho \"SUCCESS\" > \"${SCRIPT_OUTPUT_FILE_0}\"\n";
			showEnvVarsInLog = 0;
		};
/* End PBXShellScriptBuildPhase section */

/* Begin PBXSourcesBuildPhase section */
		D138509624D5049500C5C263 /* Sources */ = {
			isa = PBXSourcesBuildPhase;
			buildActionMask = 2147483647;
			files = (
				D138509E24D5049500C5C263 /* AppDelegate.swift in Sources */,
				38A474E628AA07FB004E9E5D /* DelegateForwardViewController.swift in Sources */,
				D13850A024D5049500C5C263 /* SceneDelegate.swift in Sources */,
				38F38A7228A0B0F300C03579 /* ApiManager.swift in Sources */,
				38DB088E289CF32A00004B31 /* MusicListViewController.swift in Sources */,
				38DB0895289CF42300004B31 /* MusicCell.swift in Sources */,
				38F38A7728A0ECA800C03579 /* UIImageExt.swift in Sources */,
				38F38A7528A0BD0600C03579 /* ProtocolExt.swift in Sources */,
				38DB0889289CB9AF00004B31 /* DetailViewController.swift in Sources */,
				38DB0899289CF68B00004B31 /* Music.swift in Sources */,
				388750D0289B6D5300A45A00 /* HomeViewController.swift in Sources */,
				388D0E4828A5062400817C7D /* DelegateProxyDemoViewController.swift in Sources */,
				38DB0891289CF33B00004B31 /* MusicListViewModel.swift in Sources */,
				38DB0885289B820D00004B31 /* HomeViewModel.swift in Sources */,
			);
			runOnlyForDeploymentPostprocessing = 0;
		};
/* End PBXSourcesBuildPhase section */

/* Begin PBXVariantGroup section */
		D13850A824D5049700C5C263 /* LaunchScreen.storyboard */ = {
			isa = PBXVariantGroup;
			children = (
				D13850A924D5049700C5C263 /* Base */,
			);
			name = LaunchScreen.storyboard;
			sourceTree = "<group>";
		};
/* End PBXVariantGroup section */

/* Begin XCBuildConfiguration section */
		D13850AC24D5049700C5C263 /* Debug */ = {
			isa = XCBuildConfiguration;
			buildSettings = {
				ALWAYS_SEARCH_USER_PATHS = NO;
				CLANG_ANALYZER_NONNULL = YES;
				CLANG_ANALYZER_NUMBER_OBJECT_CONVERSION = YES_AGGRESSIVE;
				CLANG_CXX_LANGUAGE_STANDARD = "gnu++14";
				CLANG_CXX_LIBRARY = "libc++";
				CLANG_ENABLE_MODULES = YES;
				CLANG_ENABLE_OBJC_ARC = YES;
				CLANG_ENABLE_OBJC_WEAK = YES;
				CLANG_WARN_BLOCK_CAPTURE_AUTORELEASING = YES;
				CLANG_WARN_BOOL_CONVERSION = YES;
				CLANG_WARN_COMMA = YES;
				CLANG_WARN_CONSTANT_CONVERSION = YES;
				CLANG_WARN_DEPRECATED_OBJC_IMPLEMENTATIONS = YES;
				CLANG_WARN_DIRECT_OBJC_ISA_USAGE = YES_ERROR;
				CLANG_WARN_DOCUMENTATION_COMMENTS = YES;
				CLANG_WARN_EMPTY_BODY = YES;
				CLANG_WARN_ENUM_CONVERSION = YES;
				CLANG_WARN_INFINITE_RECURSION = YES;
				CLANG_WARN_INT_CONVERSION = YES;
				CLANG_WARN_NON_LITERAL_NULL_CONVERSION = YES;
				CLANG_WARN_OBJC_IMPLICIT_RETAIN_SELF = YES;
				CLANG_WARN_OBJC_LITERAL_CONVERSION = YES;
				CLANG_WARN_OBJC_ROOT_CLASS = YES_ERROR;
				CLANG_WARN_RANGE_LOOP_ANALYSIS = YES;
				CLANG_WARN_STRICT_PROTOTYPES = YES;
				CLANG_WARN_SUSPICIOUS_MOVE = YES;
				CLANG_WARN_UNGUARDED_AVAILABILITY = YES_AGGRESSIVE;
				CLANG_WARN_UNREACHABLE_CODE = YES;
				CLANG_WARN__DUPLICATE_METHOD_MATCH = YES;
				COPY_PHASE_STRIP = NO;
				DEBUG_INFORMATION_FORMAT = dwarf;
				ENABLE_STRICT_OBJC_MSGSEND = YES;
				ENABLE_TESTABILITY = YES;
				GCC_C_LANGUAGE_STANDARD = gnu11;
				GCC_DYNAMIC_NO_PIC = NO;
				GCC_NO_COMMON_BLOCKS = YES;
				GCC_OPTIMIZATION_LEVEL = 0;
				GCC_PREPROCESSOR_DEFINITIONS = (
					"DEBUG=1",
					"$(inherited)",
				);
				GCC_WARN_64_TO_32_BIT_CONVERSION = YES;
				GCC_WARN_ABOUT_RETURN_TYPE = YES_ERROR;
				GCC_WARN_UNDECLARED_SELECTOR = YES;
				GCC_WARN_UNINITIALIZED_AUTOS = YES_AGGRESSIVE;
				GCC_WARN_UNUSED_FUNCTION = YES;
				GCC_WARN_UNUSED_VARIABLE = YES;
				IPHONEOS_DEPLOYMENT_TARGET = 13.2;
				MTL_ENABLE_DEBUG_INFO = INCLUDE_SOURCE;
				MTL_FAST_MATH = YES;
				ONLY_ACTIVE_ARCH = YES;
				SDKROOT = iphoneos;
				SWIFT_ACTIVE_COMPILATION_CONDITIONS = DEBUG;
				SWIFT_OPTIMIZATION_LEVEL = "-Onone";
			};
			name = Debug;
		};
		D13850AD24D5049700C5C263 /* Release */ = {
			isa = XCBuildConfiguration;
			buildSettings = {
				ALWAYS_SEARCH_USER_PATHS = NO;
				CLANG_ANALYZER_NONNULL = YES;
				CLANG_ANALYZER_NUMBER_OBJECT_CONVERSION = YES_AGGRESSIVE;
				CLANG_CXX_LANGUAGE_STANDARD = "gnu++14";
				CLANG_CXX_LIBRARY = "libc++";
				CLANG_ENABLE_MODULES = YES;
				CLANG_ENABLE_OBJC_ARC = YES;
				CLANG_ENABLE_OBJC_WEAK = YES;
				CLANG_WARN_BLOCK_CAPTURE_AUTORELEASING = YES;
				CLANG_WARN_BOOL_CONVERSION = YES;
				CLANG_WARN_COMMA = YES;
				CLANG_WARN_CONSTANT_CONVERSION = YES;
				CLANG_WARN_DEPRECATED_OBJC_IMPLEMENTATIONS = YES;
				CLANG_WARN_DIRECT_OBJC_ISA_USAGE = YES_ERROR;
				CLANG_WARN_DOCUMENTATION_COMMENTS = YES;
				CLANG_WARN_EMPTY_BODY = YES;
				CLANG_WARN_ENUM_CONVERSION = YES;
				CLANG_WARN_INFINITE_RECURSION = YES;
				CLANG_WARN_INT_CONVERSION = YES;
				CLANG_WARN_NON_LITERAL_NULL_CONVERSION = YES;
				CLANG_WARN_OBJC_IMPLICIT_RETAIN_SELF = YES;
				CLANG_WARN_OBJC_LITERAL_CONVERSION = YES;
				CLANG_WARN_OBJC_ROOT_CLASS = YES_ERROR;
				CLANG_WARN_RANGE_LOOP_ANALYSIS = YES;
				CLANG_WARN_STRICT_PROTOTYPES = YES;
				CLANG_WARN_SUSPICIOUS_MOVE = YES;
				CLANG_WARN_UNGUARDED_AVAILABILITY = YES_AGGRESSIVE;
				CLANG_WARN_UNREACHABLE_CODE = YES;
				CLANG_WARN__DUPLICATE_METHOD_MATCH = YES;
				COPY_PHASE_STRIP = NO;
				DEBUG_INFORMATION_FORMAT = "dwarf-with-dsym";
				ENABLE_NS_ASSERTIONS = NO;
				ENABLE_STRICT_OBJC_MSGSEND = YES;
				GCC_C_LANGUAGE_STANDARD = gnu11;
				GCC_NO_COMMON_BLOCKS = YES;
				GCC_WARN_64_TO_32_BIT_CONVERSION = YES;
				GCC_WARN_ABOUT_RETURN_TYPE = YES_ERROR;
				GCC_WARN_UNDECLARED_SELECTOR = YES;
				GCC_WARN_UNINITIALIZED_AUTOS = YES_AGGRESSIVE;
				GCC_WARN_UNUSED_FUNCTION = YES;
				GCC_WARN_UNUSED_VARIABLE = YES;
				IPHONEOS_DEPLOYMENT_TARGET = 13.2;
				MTL_ENABLE_DEBUG_INFO = NO;
				MTL_FAST_MATH = YES;
				SDKROOT = iphoneos;
				SWIFT_COMPILATION_MODE = wholemodule;
				SWIFT_OPTIMIZATION_LEVEL = "-O";
				VALIDATE_PRODUCT = YES;
			};
			name = Release;
		};
		D13850AF24D5049700C5C263 /* Debug */ = {
			isa = XCBuildConfiguration;
			baseConfigurationReference = 942B731C3E16949589CB64B1 /* Pods-RxSwiftTutorial.debug.xcconfig */;
			buildSettings = {
				ASSETCATALOG_COMPILER_APPICON_NAME = AppIcon;
				CODE_SIGN_STYLE = Automatic;
				DEVELOPMENT_TEAM = 49VJQXHTX6;
				INFOPLIST_FILE = RxSwiftTutorial/Info.plist;
				LD_RUNPATH_SEARCH_PATHS = (
					"$(inherited)",
					"@executable_path/Frameworks",
				);
				PRODUCT_BUNDLE_IDENTIFIER = asiantech.RxSwiftTutorial;
				PRODUCT_NAME = "$(TARGET_NAME)";
				SWIFT_VERSION = 5.0;
				TARGETED_DEVICE_FAMILY = "1,2";
			};
			name = Debug;
		};
		D13850B024D5049700C5C263 /* Release */ = {
			isa = XCBuildConfiguration;
			baseConfigurationReference = 793F8918CF7C647B014B781F /* Pods-RxSwiftTutorial.release.xcconfig */;
			buildSettings = {
				ASSETCATALOG_COMPILER_APPICON_NAME = AppIcon;
				CODE_SIGN_STYLE = Automatic;
				DEVELOPMENT_TEAM = 49VJQXHTX6;
				INFOPLIST_FILE = RxSwiftTutorial/Info.plist;
				LD_RUNPATH_SEARCH_PATHS = (
					"$(inherited)",
					"@executable_path/Frameworks",
				);
				PRODUCT_BUNDLE_IDENTIFIER = asiantech.RxSwiftTutorial;
				PRODUCT_NAME = "$(TARGET_NAME)";
				SWIFT_VERSION = 5.0;
				TARGETED_DEVICE_FAMILY = "1,2";
			};
			name = Release;
		};
/* End XCBuildConfiguration section */

/* Begin XCConfigurationList section */
		D138509524D5049500C5C263 /* Build configuration list for PBXProject "RxSwiftTutorial" */ = {
			isa = XCConfigurationList;
			buildConfigurations = (
				D13850AC24D5049700C5C263 /* Debug */,
				D13850AD24D5049700C5C263 /* Release */,
			);
			defaultConfigurationIsVisible = 0;
			defaultConfigurationName = Release;
		};
		D13850AE24D5049700C5C263 /* Build configuration list for PBXNativeTarget "RxSwiftTutorial" */ = {
			isa = XCConfigurationList;
			buildConfigurations = (
				D13850AF24D5049700C5C263 /* Debug */,
				D13850B024D5049700C5C263 /* Release */,
			);
			defaultConfigurationIsVisible = 0;
			defaultConfigurationName = Release;
		};
/* End XCConfigurationList section */
	};
	rootObject = D138509224D5049500C5C263 /* Project object */;
}
